<?xml version="1.0" encoding="utf-8"?>
<Project ToolsVersion="4.0" xmlns="http://schemas.microsoft.com/developer/msbuild/2003">
  <ItemGroup>
    <Filter Include="Исходные файлы">
      <UniqueIdentifier>{4FC737F1-C7A5-4376-A066-2A32D752A2FF}</UniqueIdentifier>
      <Extensions>cpp;c;cc;cxx;c++;cppm;ixx;def;odl;idl;hpj;bat;asm;asmx</Extensions>
    </Filter>
    <Filter Include="Файлы заголовков">
      <UniqueIdentifier>{93995380-89BD-4b04-88EB-625FBE52EBFB}</UniqueIdentifier>
      <Extensions>h;hh;hpp;hxx;h++;hm;inl;inc;ipp;xsd</Extensions>
    </Filter>
    <Filter Include="Файлы ресурсов">
      <UniqueIdentifier>{67DA6AB6-F800-4c08-8B7A-83BB121AAD01}</UniqueIdentifier>
      <Extensions>rc;ico;cur;bmp;dlg;rc2;rct;bin;rgs;gif;jpg;jpeg;jpe;resx;tiff;tif;png;wav;mfcribbon-ms</Extensions>
    </Filter>
    <Filter Include="Исходные файлы\GLAD">
      <UniqueIdentifier>{5080fb82-1741-4c08-ba79-587440d4a546}</UniqueIdentifier>
    </Filter>
    <Filter Include="Файлы ресурсов\shaders">
      <UniqueIdentifier>{ac86060a-a3a1-4e0a-971d-c6eab0db951d}</UniqueIdentifier>
    </Filter>
    <Filter Include="Файлы заголовков\Graphics">
      <UniqueIdentifier>{ec8ed1a6-e229-429c-988d-0d8fd9f0d07d}</UniqueIdentifier>
    </Filter>
    <Filter Include="Файлы заголовков\Graphics\Drawable">
      <UniqueIdentifier>{33b597c0-805e-484a-bcb3-ceff99f3fb08}</UniqueIdentifier>
    </Filter>
    <Filter Include="Исходные файлы\Graphics">
      <UniqueIdentifier>{41e33b85-d69d-47a3-9291-9fef4a31e8f2}</UniqueIdentifier>
    </Filter>
    <Filter Include="Исходные файлы\Graphics\Drawable">
      <UniqueIdentifier>{9d099013-55b2-441d-a39a-2a7d26ad05bd}</UniqueIdentifier>
    </Filter>
  </ItemGroup>
  <ItemGroup>
    <ClCompile Include="glad.c">
      <Filter>Исходные файлы\GLAD</Filter>
    </ClCompile>
    <ClCompile Include="Camera.cpp">
      <Filter>Исходные файлы\Graphics</Filter>
    </ClCompile>
    <ClCompile Include="stb_image.cpp">
      <Filter>Исходные файлы\Graphics</Filter>
    </ClCompile>
    <ClCompile Include="TextureHandler.cpp">
      <Filter>Исходные файлы\Graphics</Filter>
    </ClCompile>
    <ClCompile Include="VAO_generator.cpp">
      <Filter>Исходные файлы</Filter>
    </ClCompile>
    <ClCompile Include="OneColorFigure.cpp">
      <Filter>Исходные файлы\Graphics\Drawable</Filter>
    </ClCompile>
    <ClCompile Include="Monthes.cpp">
      <Filter>Исходные файлы</Filter>
    </ClCompile>
    <ClCompile Include="main.cpp">
      <Filter>Исходные файлы</Filter>
    </ClCompile>
  </ItemGroup>
  <ItemGroup>
    <ClInclude Include="Drawable.h">
      <Filter>Файлы заголовков\Graphics\Drawable</Filter>
    </ClInclude>
    <ClInclude Include="Camera.h">
      <Filter>Файлы заголовков\Graphics</Filter>
    </ClInclude>
    <ClInclude Include="GLM_headers.h">
      <Filter>Файлы заголовков\Graphics</Filter>
    </ClInclude>
    <ClInclude Include="Shader.h">
      <Filter>Файлы заголовков\Graphics</Filter>
    </ClInclude>
    <ClInclude Include="TextureHandler.h">
      <Filter>Файлы заголовков\Graphics</Filter>
    </ClInclude>
    <ClInclude Include="stb_image.h">
      <Filter>Файлы заголовков\Graphics</Filter>
    </ClInclude>
    <ClInclude Include="VAO_generator.h">
      <Filter>Файлы заголовков\Graphics</Filter>
    </ClInclude>
    <ClInclude Include="OneColorFigure.h">
      <Filter>Файлы заголовков\Graphics\Drawable</Filter>
    </ClInclude>
    <ClInclude Include="Monthes.h">
      <Filter>Файлы заголовков</Filter>
    </ClInclude>
  </ItemGroup>
  <ItemGroup>
    <None Include="shaders\FragmentShader.glsl">
      <Filter>Файлы ресурсов\shaders</Filter>
    </None>
    <None Include="shaders\VertexShader.glsl">
      <Filter>Файлы ресурсов\shaders</Filter>
    </None>
    <None Include="shaders\SimpleColor.frag">
      <Filter>Файлы ресурсов\shaders</Filter>
    </None>
    <None Include="shaders\SimpleColor.vert">
      <Filter>Файлы ресурсов\shaders</Filter>
    </None>
  </ItemGroup>
</Project>